
Microsoft Visual Studio Solution File, Format Version 12.00
# Visual Studio Version 17
VisualStudioVersion = 17.6.33801.468
MinimumVisualStudioVersion = 10.0.40219.1
Project("{FAE04EC0-301F-11D3-BF4B-00C04F79EFBC}") = "dependency", "dependency.csproj", "{C494CFA7-FCDA-42B7-B9CF-081CC12D7C8F}"
EndProject
Project("{FAE04EC0-301F-11D3-BF4B-00C04F79EFBC}") = "BL", "..\BL\BL.csproj", "{3440049B-8A69-4D1F-AAF4-88A1AB041439}"
EndProject
Global
	GlobalSection(SolutionConfigurationPlatforms) = preSolution
		Debug|Any CPU = Debug|Any CPU
		Release|Any CPU = Release|Any CPU
	EndGlobalSection
	GlobalSection(ProjectConfigurationPlatforms) = postSolution
		{C494CFA7-FCDA-42B7-B9CF-081CC12D7C8F}.Debug|Any CPU.ActiveCfg = Debug|Any CPU
		{C494CFA7-FCDA-42B7-B9CF-081CC12D7C8F}.Debug|Any CPU.Build.0 = Debug|Any CPU
		{C494CFA7-FCDA-42B7-B9CF-081CC12D7C8F}.Release|Any CPU.ActiveCfg = Release|Any CPU
		{C494CFA7-FCDA-42B7-B9CF-081CC12D7C8F}.Release|Any CPU.Build.0 = Release|Any CPU
		{3440049B-8A69-4D1F-AAF4-88A1AB041439}.Debug|Any CPU.ActiveCfg = Debug|Any CPU
		{3440049B-8A69-4D1F-AAF4-88A1AB041439}.Debug|Any CPU.Build.0 = Debug|Any CPU
		{3440049B-8A69-4D1F-AAF4-88A1AB041439}.Release|Any CPU.ActiveCfg = Release|Any CPU
		{3440049B-8A69-4D1F-AAF4-88A1AB041439}.Release|Any CPU.Build.0 = Release|Any CPU
	EndGlobalSection
	GlobalSection(SolutionProperties) = preSolution
		HideSolutionNode = FALSE
	EndGlobalSection
	GlobalSection(ExtensibilityGlobals) = postSolution
		SolutionGuid = {6CBDB9A8-E9B7-4B3E-A8F3-B0B8315FFE71}
	EndGlobalSection
EndGlobal
